
Microsoft Visual Studio Solution File, Format Version 12.00
# Visual Studio Version 17
VisualStudioVersion = 17.5.33516.290
MinimumVisualStudioVersion = 10.0.40219.1
Project("{FAE04EC0-301F-11D3-BF4B-00C04F79EFBC}") = "Wallet", "Wallet\Wallet.csproj", "{07601271-2F54-4C84-9321-72F52FB82D97}"
EndProject
Project("{FAE04EC0-301F-11D3-BF4B-00C04F79EFBC}") = "RegAndAuth", "RegAndAuth\RegAndAuth.csproj", "{29C01C12-6454-4F1E-A94E-9048B64E8CBE}"
EndProject
Project("{FAE04EC0-301F-11D3-BF4B-00C04F79EFBC}") = "RecordManager", "RecordManager\RecordManager.csproj", "{8ACF461C-7AB5-4E33-9A90-8CB296208772}"
EndProject
Global
	GlobalSection(SolutionConfigurationPlatforms) = preSolution
		Debug|Any CPU = Debug|Any CPU
		Release|Any CPU = Release|Any CPU
	EndGlobalSection
	GlobalSection(ProjectConfigurationPlatforms) = postSolution
		{07601271-2F54-4C84-9321-72F52FB82D97}.Debug|Any CPU.ActiveCfg = Debug|Any CPU
		{07601271-2F54-4C84-9321-72F52FB82D97}.Debug|Any CPU.Build.0 = Debug|Any CPU
		{07601271-2F54-4C84-9321-72F52FB82D97}.Release|Any CPU.ActiveCfg = Release|Any CPU
		{07601271-2F54-4C84-9321-72F52FB82D97}.Release|Any CPU.Build.0 = Release|Any CPU
		{29C01C12-6454-4F1E-A94E-9048B64E8CBE}.Debug|Any CPU.ActiveCfg = Debug|Any CPU
		{29C01C12-6454-4F1E-A94E-9048B64E8CBE}.Debug|Any CPU.Build.0 = Debug|Any CPU
		{29C01C12-6454-4F1E-A94E-9048B64E8CBE}.Release|Any CPU.ActiveCfg = Release|Any CPU
		{29C01C12-6454-4F1E-A94E-9048B64E8CBE}.Release|Any CPU.Build.0 = Release|Any CPU
		{8ACF461C-7AB5-4E33-9A90-8CB296208772}.Debug|Any CPU.ActiveCfg = Debug|Any CPU
		{8ACF461C-7AB5-4E33-9A90-8CB296208772}.Debug|Any CPU.Build.0 = Debug|Any CPU
		{8ACF461C-7AB5-4E33-9A90-8CB296208772}.Release|Any CPU.ActiveCfg = Release|Any CPU
		{8ACF461C-7AB5-4E33-9A90-8CB296208772}.Release|Any CPU.Build.0 = Release|Any CPU
	EndGlobalSection
	GlobalSection(SolutionProperties) = preSolution
		HideSolutionNode = FALSE
	EndGlobalSection
	GlobalSection(ExtensibilityGlobals) = postSolution
		SolutionGuid = {579A4D20-BEAD-43AD-9589-B142433E77F2}
	EndGlobalSection
EndGlobal
